// !$*UTF8*$!
{
	archiveVersion = 1;
	classes = {
	};
	objectVersion = 50;
	objects = {

/* Begin PBXBuildFile section */
		7520BD90247C458100787EA2 /* AppDelegate.swift in Sources */ = {isa = PBXBuildFile; fileRef = 7520BD8F247C458100787EA2 /* AppDelegate.swift */; };
		7520BD92247C458100787EA2 /* SceneDelegate.swift in Sources */ = {isa = PBXBuildFile; fileRef = 7520BD91247C458100787EA2 /* SceneDelegate.swift */; };
		7520BD94247C458100787EA2 /* ViewController.swift in Sources */ = {isa = PBXBuildFile; fileRef = 7520BD93247C458100787EA2 /* ViewController.swift */; };
		7520BD97247C458100787EA2 /* Main.storyboard in Resources */ = {isa = PBXBuildFile; fileRef = 7520BD95247C458100787EA2 /* Main.storyboard */; };
		7520BD99247C458500787EA2 /* Assets.xcassets in Resources */ = {isa = PBXBuildFile; fileRef = 7520BD98247C458500787EA2 /* Assets.xcassets */; };
		7520BD9C247C458500787EA2 /* LaunchScreen.storyboard in Resources */ = {isa = PBXBuildFile; fileRef = 7520BD9A247C458500787EA2 /* LaunchScreen.storyboard */; };
		7520BDA5247C5ECB00787EA2 /* Montserrat-Regular.otf in Resources */ = {isa = PBXBuildFile; fileRef = 7520BDA4247C5EC300787EA2 /* Montserrat-Regular.otf */; };
		7520BDA6247C5ECE00787EA2 /* Montserrat-SemiBold.otf in Resources */ = {isa = PBXBuildFile; fileRef = 7520BDA3247C5EC300787EA2 /* Montserrat-SemiBold.otf */; };
		75220C8D247C63DF00333879 /* Montserrat-Medium.otf in Resources */ = {isa = PBXBuildFile; fileRef = 75220C8C247C63DF00333879 /* Montserrat-Medium.otf */; };
/* End PBXBuildFile section */

/* Begin PBXFileReference section */
		7520BD8C247C458100787EA2 /* Date&Time_Eve.app */ = {isa = PBXFileReference; explicitFileType = wrapper.application; includeInIndex = 0; path = "Date&Time_Eve.app"; sourceTree = BUILT_PRODUCTS_DIR; };
		7520BD8F247C458100787EA2 /* AppDelegate.swift */ = {isa = PBXFileReference; lastKnownFileType = sourcecode.swift; path = AppDelegate.swift; sourceTree = "<group>"; };
		7520BD91247C458100787EA2 /* SceneDelegate.swift */ = {isa = PBXFileReference; lastKnownFileType = sourcecode.swift; path = SceneDelegate.swift; sourceTree = "<group>"; };
		7520BD93247C458100787EA2 /* ViewController.swift */ = {isa = PBXFileReference; lastKnownFileType = sourcecode.swift; path = ViewController.swift; sourceTree = "<group>"; };
		7520BD96247C458100787EA2 /* Base */ = {isa = PBXFileReference; lastKnownFileType = file.storyboard; name = Base; path = Base.lproj/Main.storyboard; sourceTree = "<group>"; };
		7520BD98247C458500787EA2 /* Assets.xcassets */ = {isa = PBXFileReference; lastKnownFileType = folder.assetcatalog; path = Assets.xcassets; sourceTree = "<group>"; };
		7520BD9B247C458500787EA2 /* Base */ = {isa = PBXFileReference; lastKnownFileType = file.storyboard; name = Base; path = Base.lproj/LaunchScreen.storyboard; sourceTree = "<group>"; };
		7520BD9D247C458500787EA2 /* Info.plist */ = {isa = PBXFileReference; lastKnownFileType = text.plist.xml; path = Info.plist; sourceTree = "<group>"; };
		7520BDA3247C5EC300787EA2 /* Montserrat-SemiBold.otf */ = {isa = PBXFileReference; lastKnownFileType = file; path = "Montserrat-SemiBold.otf"; sourceTree = "<group>"; };
		7520BDA4247C5EC300787EA2 /* Montserrat-Regular.otf */ = {isa = PBXFileReference; lastKnownFileType = file; path = "Montserrat-Regular.otf"; sourceTree = "<group>"; };
		75220C8C247C63DF00333879 /* Montserrat-Medium.otf */ = {isa = PBXFileReference; lastKnownFileType = file; path = "Montserrat-Medium.otf"; sourceTree = "<group>"; };
/* End PBXFileReference section */

/* Begin PBXFrameworksBuildPhase section */
		7520BD89247C458100787EA2 /* Frameworks */ = {
			isa = PBXFrameworksBuildPhase;
			buildActionMask = 2147483647;
			files = (
			);
			runOnlyForDeploymentPostprocessing = 0;
		};
/* End PBXFrameworksBuildPhase section */

/* Begin PBXGroup section */
		7520BD83247C458100787EA2 = {
			isa = PBXGroup;
			children = (
				7520BD8E247C458100787EA2 /* Date&Time_Eve */,
				7520BD8D247C458100787EA2 /* Products */,
			);
			sourceTree = "<group>";
		};
		7520BD8D247C458100787EA2 /* Products */ = {
			isa = PBXGroup;
			children = (
				7520BD8C247C458100787EA2 /* Date&Time_Eve.app */,
			);
			name = Products;
			sourceTree = "<group>";
		};
		7520BD8E247C458100787EA2 /* Date&Time_Eve */ = {
			isa = PBXGroup;
			children = (
				7520BD8F247C458100787EA2 /* AppDelegate.swift */,
				7520BD91247C458100787EA2 /* SceneDelegate.swift */,
				7520BD93247C458100787EA2 /* ViewController.swift */,
				7520BD95247C458100787EA2 /* Main.storyboard */,
				7520BD98247C458500787EA2 /* Assets.xcassets */,
				7520BD9A247C458500787EA2 /* LaunchScreen.storyboard */,
				7520BD9D247C458500787EA2 /* Info.plist */,
				75220C8B247C5F6200333879 /* Resources */,
			);
			path = "Date&Time_Eve";
			sourceTree = "<group>";
		};
		75220C8B247C5F6200333879 /* Resources */ = {
			isa = PBXGroup;
			children = (
				7520BDA3247C5EC300787EA2 /* Montserrat-SemiBold.otf */,
				75220C8C247C63DF00333879 /* Montserrat-Medium.otf */,
				7520BDA4247C5EC300787EA2 /* Montserrat-Regular.otf */,
			);
			path = Resources;
			sourceTree = "<group>";
		};
/* End PBXGroup section */

/* Begin PBXNativeTarget section */
		7520BD8B247C458100787EA2 /* Date&Time_Eve */ = {
			isa = PBXNativeTarget;
			buildConfigurationList = 7520BDA0247C458500787EA2 /* Build configuration list for PBXNativeTarget "Date&Time_Eve" */;
			buildPhases = (
				7520BD88247C458100787EA2 /* Sources */,
				7520BD89247C458100787EA2 /* Frameworks */,
				7520BD8A247C458100787EA2 /* Resources */,
			);
			buildRules = (
			);
			dependencies = (
			);
			name = "Date&Time_Eve";
			productName = "Date&Time_Eve";
			productReference = 7520BD8C247C458100787EA2 /* Date&Time_Eve.app */;
			productType = "com.apple.product-type.application";
		};
/* End PBXNativeTarget section */

/* Begin PBXProject section */
		7520BD84247C458100787EA2 /* Project object */ = {
			isa = PBXProject;
			attributes = {
				LastSwiftUpdateCheck = 1150;
				LastUpgradeCheck = 1150;
				ORGANIZATIONNAME = "Julia Santos";
				TargetAttributes = {
					7520BD8B247C458100787EA2 = {
						CreatedOnToolsVersion = 11.5;
					};
				};
			};
			buildConfigurationList = 7520BD87247C458100787EA2 /* Build configuration list for PBXProject "Date&Time_Eve" */;
			compatibilityVersion = "Xcode 9.3";
			developmentRegion = en;
			hasScannedForEncodings = 0;
			knownRegions = (
				en,
				Base,
			);
			mainGroup = 7520BD83247C458100787EA2;
			productRefGroup = 7520BD8D247C458100787EA2 /* Products */;
			projectDirPath = "";
			projectRoot = "";
			targets = (
				7520BD8B247C458100787EA2 /* Date&Time_Eve */,
			);
		};
/* End PBXProject section */

/* Begin PBXResourcesBuildPhase section */
		7520BD8A247C458100787EA2 /* Resources */ = {
			isa = PBXResourcesBuildPhase;
			buildActionMask = 2147483647;
			files = (
				7520BD9C247C458500787EA2 /* LaunchScreen.storyboard in Resources */,
				75220C8D247C63DF00333879 /* Montserrat-Medium.otf in Resources */,
				7520BD99247C458500787EA2 /* Assets.xcassets in Resources */,
				7520BD97247C458100787EA2 /* Main.storyboard in Resources */,
				7520BDA5247C5ECB00787EA2 /* Montserrat-Regular.otf in Resources */,
				7520BDA6247C5ECE00787EA2 /* Montserrat-SemiBold.otf in Resources */,
			);
			runOnlyForDeploymentPostprocessing = 0;
		};
/* End PBXResourcesBuildPhase section */

/* Begin PBXSourcesBuildPhase section */
		7520BD88247C458100787EA2 /* Sources */ = {
			isa = PBXSourcesBuildPhase;
			buildActionMask = 2147483647;
			files = (
				7520BD94247C458100787EA2 /* ViewController.swift in Sources */,
				7520BD90247C458100787EA2 /* AppDelegate.swift in Sources */,
				7520BD92247C458100787EA2 /* SceneDelegate.swift in Sources */,
			);
			runOnlyForDeploymentPostprocessing = 0;
		};
/* End PBXSourcesBuildPhase section */

/* Begin PBXVariantGroup section */
		7520BD95247C458100787EA2 /* Main.storyboard */ = {
			isa = PBXVariantGroup;
			children = (
				7520BD96247C458100787EA2 /* Base */,
			);
			name = Main.storyboard;
			sourceTree = "<group>";
		};
		7520BD9A247C458500787EA2 /* LaunchScreen.storyboard */ = {
			isa = PBXVariantGroup;
			children = (
				7520BD9B247C458500787EA2 /* Base */,
			);
			name = LaunchScreen.storyboard;
			sourceTree = "<group>";
		};
/* End PBXVariantGroup section */

/* Begin XCBuildConfiguration section */
		7520BD9E247C458500787EA2 /* Debug */ = {
			isa = XCBuildConfiguration;
			buildSettings = {
				ALWAYS_SEARCH_USER_PATHS = NO;
				CLANG_ANALYZER_NONNULL = YES;
				CLANG_ANALYZER_NUMBER_OBJECT_CONVERSION = YES_AGGRESSIVE;
				CLANG_CXX_LANGUAGE_STANDARD = "gnu++14";
				CLANG_CXX_LIBRARY = "libc++";
				CLANG_ENABLE_MODULES = YES;
				CLANG_ENABLE_OBJC_ARC = YES;
				CLANG_ENABLE_OBJC_WEAK = YES;
				CLANG_WARN_BLOCK_CAPTURE_AUTORELEASING = YES;
				CLANG_WARN_BOOL_CONVERSION = YES;
				CLANG_WARN_COMMA = YES;
				CLANG_WARN_CONSTANT_CONVERSION = YES;
				CLANG_WARN_DEPRECATED_OBJC_IMPLEMENTATIONS = YES;
				CLANG_WARN_DIRECT_OBJC_ISA_USAGE = YES_ERROR;
				CLANG_WARN_DOCUMENTATION_COMMENTS = YES;
				CLANG_WARN_EMPTY_BODY = YES;
				CLANG_WARN_ENUM_CONVERSION = YES;
				CLANG_WARN_INFINITE_RECURSION = YES;
				CLANG_WARN_INT_CONVERSION = YES;
				CLANG_WARN_NON_LITERAL_NULL_CONVERSION = YES;
				CLANG_WARN_OBJC_IMPLICIT_RETAIN_SELF = YES;
				CLANG_WARN_OBJC_LITERAL_CONVERSION = YES;
				CLANG_WARN_OBJC_ROOT_CLASS = YES_ERROR;
				CLANG_WARN_RANGE_LOOP_ANALYSIS = YES;
				CLANG_WARN_STRICT_PROTOTYPES = YES;
				CLANG_WARN_SUSPICIOUS_MOVE = YES;
				CLANG_WARN_UNGUARDED_AVAILABILITY = YES_AGGRESSIVE;
				CLANG_WARN_UNREACHABLE_CODE = YES;
				CLANG_WARN__DUPLICATE_METHOD_MATCH = YES;
				COPY_PHASE_STRIP = NO;
				DEBUG_INFORMATION_FORMAT = dwarf;
				ENABLE_STRICT_OBJC_MSGSEND = YES;
				ENABLE_TESTABILITY = YES;
				GCC_C_LANGUAGE_STANDARD = gnu11;
				GCC_DYNAMIC_NO_PIC = NO;
				GCC_NO_COMMON_BLOCKS = YES;
				GCC_OPTIMIZATION_LEVEL = 0;
				GCC_PREPROCESSOR_DEFINITIONS = (
					"DEBUG=1",
					"$(inherited)",
				);
				GCC_WARN_64_TO_32_BIT_CONVERSION = YES;
				GCC_WARN_ABOUT_RETURN_TYPE = YES_ERROR;
				GCC_WARN_UNDECLARED_SELECTOR = YES;
				GCC_WARN_UNINITIALIZED_AUTOS = YES_AGGRESSIVE;
				GCC_WARN_UNUSED_FUNCTION = YES;
				GCC_WARN_UNUSED_VARIABLE = YES;
				IPHONEOS_DEPLOYMENT_TARGET = 13.5;
				MTL_ENABLE_DEBUG_INFO = INCLUDE_SOURCE;
				MTL_FAST_MATH = YES;
				ONLY_ACTIVE_ARCH = YES;
				SDKROOT = iphoneos;
				SWIFT_ACTIVE_COMPILATION_CONDITIONS = DEBUG;
				SWIFT_OPTIMIZATION_LEVEL = "-Onone";
			};
			name = Debug;
		};
		7520BD9F247C458500787EA2 /* Release */ = {
			isa = XCBuildConfiguration;
			buildSettings = {
				ALWAYS_SEARCH_USER_PATHS = NO;
				CLANG_ANALYZER_NONNULL = YES;
				CLANG_ANALYZER_NUMBER_OBJECT_CONVERSION = YES_AGGRESSIVE;
				CLANG_CXX_LANGUAGE_STANDARD = "gnu++14";
				CLANG_CXX_LIBRARY = "libc++";
				CLANG_ENABLE_MODULES = YES;
				CLANG_ENABLE_OBJC_ARC = YES;
				CLANG_ENABLE_OBJC_WEAK = YES;
				CLANG_WARN_BLOCK_CAPTURE_AUTORELEASING = YES;
				CLANG_WARN_BOOL_CONVERSION = YES;
				CLANG_WARN_COMMA = YES;
				CLANG_WARN_CONSTANT_CONVERSION = YES;
				CLANG_WARN_DEPRECATED_OBJC_IMPLEMENTATIONS = YES;
				CLANG_WARN_DIRECT_OBJC_ISA_USAGE = YES_ERROR;
				CLANG_WARN_DOCUMENTATION_COMMENTS = YES;
				CLANG_WARN_EMPTY_BODY = YES;
				CLANG_WARN_ENUM_CONVERSION = YES;
				CLANG_WARN_INFINITE_RECURSION = YES;
				CLANG_WARN_INT_CONVERSION = YES;
				CLANG_WARN_NON_LITERAL_NULL_CONVERSION = YES;
				CLANG_WARN_OBJC_IMPLICIT_RETAIN_SELF = YES;
				CLANG_WARN_OBJC_LITERAL_CONVERSION = YES;
				CLANG_WARN_OBJC_ROOT_CLASS = YES_ERROR;
				CLANG_WARN_RANGE_LOOP_ANALYSIS = YES;
				CLANG_WARN_STRICT_PROTOTYPES = YES;
				CLANG_WARN_SUSPICIOUS_MOVE = YES;
				CLANG_WARN_UNGUARDED_AVAILABILITY = YES_AGGRESSIVE;
				CLANG_WARN_UNREACHABLE_CODE = YES;
				CLANG_WARN__DUPLICATE_METHOD_MATCH = YES;
				COPY_PHASE_STRIP = NO;
				DEBUG_INFORMATION_FORMAT = "dwarf-with-dsym";
				ENABLE_NS_ASSERTIONS = NO;
				ENABLE_STRICT_OBJC_MSGSEND = YES;
				GCC_C_LANGUAGE_STANDARD = gnu11;
				GCC_NO_COMMON_BLOCKS = YES;
				GCC_WARN_64_TO_32_BIT_CONVERSION = YES;
				GCC_WARN_ABOUT_RETURN_TYPE = YES_ERROR;
				GCC_WARN_UNDECLARED_SELECTOR = YES;
				GCC_WARN_UNINITIALIZED_AUTOS = YES_AGGRESSIVE;
				GCC_WARN_UNUSED_FUNCTION = YES;
				GCC_WARN_UNUSED_VARIABLE = YES;
				IPHONEOS_DEPLOYMENT_TARGET = 13.5;
				MTL_ENABLE_DEBUG_INFO = NO;
				MTL_FAST_MATH = YES;
				SDKROOT = iphoneos;
				SWIFT_COMPILATION_MODE = wholemodule;
				SWIFT_OPTIMIZATION_LEVEL = "-O";
				VALIDATE_PRODUCT = YES;
			};
			name = Release;
		};
		7520BDA1247C458500787EA2 /* Debug */ = {
			isa = XCBuildConfiguration;
			buildSettings = {
				ASSETCATALOG_COMPILER_APPICON_NAME = AppIcon;
				CODE_SIGN_STYLE = Automatic;
				DEVELOPMENT_TEAM = C7LP8JSPCF;
				INFOPLIST_FILE = "Date&Time_Eve/Info.plist";
				LD_RUNPATH_SEARCH_PATHS = (
					"$(inherited)",
					"@executable_path/Frameworks",
				);
				PRODUCT_BUNDLE_IDENTIFIER = "JS.Date-Time-Eve";
				PRODUCT_NAME = "$(TARGET_NAME)";
				SWIFT_VERSION = 5.0;
				TARGETED_DEVICE_FAMILY = "1,2";
			};
			name = Debug;
		};
		7520BDA2247C458500787EA2 /* Release */ = {
			isa = XCBuildConfiguration;
			buildSettings = {
				ASSETCATALOG_COMPILER_APPICON_NAME = AppIcon;
				CODE_SIGN_STYLE = Automatic;
				DEVELOPMENT_TEAM = C7LP8JSPCF;
				INFOPLIST_FILE = "Date&Time_Eve/Info.plist";
				LD_RUNPATH_SEARCH_PATHS = (
					"$(inherited)",
					"@executable_path/Frameworks",
				);
				PRODUCT_BUNDLE_IDENTIFIER = "JS.Date-Time-Eve";
				PRODUCT_NAME = "$(TARGET_NAME)";
				SWIFT_VERSION = 5.0;
				TARGETED_DEVICE_FAMILY = "1,2";
			};
			name = Release;
		};
/* End XCBuildConfiguration section */

/* Begin XCConfigurationList section */
		7520BD87247C458100787EA2 /* Build configuration list for PBXProject "Date&Time_Eve" */ = {
			isa = XCConfigurationList;
			buildConfigurations = (
				7520BD9E247C458500787EA2 /* Debug */,
				7520BD9F247C458500787EA2 /* Release */,
			);
			defaultConfigurationIsVisible = 0;
			defaultConfigurationName = Release;
		};
		7520BDA0247C458500787EA2 /* Build configuration list for PBXNativeTarget "Date&Time_Eve" */ = {
			isa = XCConfigurationList;
			buildConfigurations = (
				7520BDA1247C458500787EA2 /* Debug */,
				7520BDA2247C458500787EA2 /* Release */,
			);
			defaultConfigurationIsVisible = 0;
			defaultConfigurationName = Release;
		};
/* End XCConfigurationList section */
	};
	rootObject = 7520BD84247C458100787EA2 /* Project object */;
}
